
Microsoft Visual Studio Solution File, Format Version 12.00
# Visual Studio Version 17
VisualStudioVersion = 17.7.34221.43
MinimumVisualStudioVersion = 10.0.40219.1
Project("{FAE04EC0-301F-11D3-BF4B-00C04F79EFBC}") = "BillingSystem", "BillingSystem\BillingSystem.csproj", "{3B4F3933-E0EB-42BD-8F6D-49675140E4E0}"
EndProject
Project("{FAE04EC0-301F-11D3-BF4B-00C04F79EFBC}") = "BillingSystem.Core", "BillingSystem.Core\BillingSystem.Core.csproj", "{FB8DB9F1-086F-4014-9003-707984A37968}"
EndProject
Project("{FAE04EC0-301F-11D3-BF4B-00C04F79EFBC}") = "BillingSystem.Infrastructure", "BillingSystem.Infrastructure\BillingSystem.Infrastructure.csproj", "{B25A7C55-0464-43D9-A621-4151F6B99DB6}"
EndProject
Global
	GlobalSection(SolutionConfigurationPlatforms) = preSolution
		Debug|Any CPU = Debug|Any CPU
		Release|Any CPU = Release|Any CPU
	EndGlobalSection
	GlobalSection(ProjectConfigurationPlatforms) = postSolution
		{3B4F3933-E0EB-42BD-8F6D-49675140E4E0}.Debug|Any CPU.ActiveCfg = Debug|Any CPU
		{3B4F3933-E0EB-42BD-8F6D-49675140E4E0}.Debug|Any CPU.Build.0 = Debug|Any CPU
		{3B4F3933-E0EB-42BD-8F6D-49675140E4E0}.Release|Any CPU.ActiveCfg = Release|Any CPU
		{3B4F3933-E0EB-42BD-8F6D-49675140E4E0}.Release|Any CPU.Build.0 = Release|Any CPU
		{FB8DB9F1-086F-4014-9003-707984A37968}.Debug|Any CPU.ActiveCfg = Debug|Any CPU
		{FB8DB9F1-086F-4014-9003-707984A37968}.Debug|Any CPU.Build.0 = Debug|Any CPU
		{FB8DB9F1-086F-4014-9003-707984A37968}.Release|Any CPU.ActiveCfg = Release|Any CPU
		{FB8DB9F1-086F-4014-9003-707984A37968}.Release|Any CPU.Build.0 = Release|Any CPU
		{B25A7C55-0464-43D9-A621-4151F6B99DB6}.Debug|Any CPU.ActiveCfg = Debug|Any CPU
		{B25A7C55-0464-43D9-A621-4151F6B99DB6}.Debug|Any CPU.Build.0 = Debug|Any CPU
		{B25A7C55-0464-43D9-A621-4151F6B99DB6}.Release|Any CPU.ActiveCfg = Release|Any CPU
		{B25A7C55-0464-43D9-A621-4151F6B99DB6}.Release|Any CPU.Build.0 = Release|Any CPU
	EndGlobalSection
	GlobalSection(SolutionProperties) = preSolution
		HideSolutionNode = FALSE
	EndGlobalSection
	GlobalSection(ExtensibilityGlobals) = postSolution
		SolutionGuid = {70F9C4F8-D7B2-4E93-9F75-381142FC475F}
	EndGlobalSection
EndGlobal
